// !$*UTF8*$!
{
	archiveVersion = 1;
	classes = {
	};
	objectVersion = 48;
	objects = {

/* Begin PBXBuildFile section */
		885878D11F5516E3007AF90D /* AppDelegate.swift in Sources */ = {isa = PBXBuildFile; fileRef = 885878D01F5516E3007AF90D /* AppDelegate.swift */; };
		885878D61F5516E3007AF90D /* Main.storyboard in Resources */ = {isa = PBXBuildFile; fileRef = 885878D41F5516E3007AF90D /* Main.storyboard */; };
		885878D81F5516E3007AF90D /* Assets.xcassets in Resources */ = {isa = PBXBuildFile; fileRef = 885878D71F5516E3007AF90D /* Assets.xcassets */; };
		885878DB1F5516E3007AF90D /* LaunchScreen.storyboard in Resources */ = {isa = PBXBuildFile; fileRef = 885878D91F5516E3007AF90D /* LaunchScreen.storyboard */; };
		885878E31F5517B6007AF90D /* ButtonViewController.swift in Sources */ = {isa = PBXBuildFile; fileRef = 885878E21F5517B6007AF90D /* ButtonViewController.swift */; };
		885878E51F551A63007AF90D /* Logs.swift in Sources */ = {isa = PBXBuildFile; fileRef = 885878E41F551A63007AF90D /* Logs.swift */; };
		885878E81F551CBA007AF90D /* User.swift in Sources */ = {isa = PBXBuildFile; fileRef = 885878E71F551CBA007AF90D /* User.swift */; };
/* End PBXBuildFile section */

/* Begin PBXFileReference section */
		885878CD1F5516E3007AF90D /* LoggingDemo.app */ = {isa = PBXFileReference; explicitFileType = wrapper.application; includeInIndex = 0; path = LoggingDemo.app; sourceTree = BUILT_PRODUCTS_DIR; };
		885878D01F5516E3007AF90D /* AppDelegate.swift */ = {isa = PBXFileReference; lastKnownFileType = sourcecode.swift; path = AppDelegate.swift; sourceTree = "<group>"; };
		885878D51F5516E3007AF90D /* Base */ = {isa = PBXFileReference; lastKnownFileType = file.storyboard; name = Base; path = Base.lproj/Main.storyboard; sourceTree = "<group>"; };
		885878D71F5516E3007AF90D /* Assets.xcassets */ = {isa = PBXFileReference; lastKnownFileType = folder.assetcatalog; path = Assets.xcassets; sourceTree = "<group>"; };
		885878DA1F5516E3007AF90D /* Base */ = {isa = PBXFileReference; lastKnownFileType = file.storyboard; name = Base; path = Base.lproj/LaunchScreen.storyboard; sourceTree = "<group>"; };
		885878DC1F5516E3007AF90D /* Info.plist */ = {isa = PBXFileReference; lastKnownFileType = text.plist.xml; path = Info.plist; sourceTree = "<group>"; };
		885878E21F5517B6007AF90D /* ButtonViewController.swift */ = {isa = PBXFileReference; lastKnownFileType = sourcecode.swift; path = ButtonViewController.swift; sourceTree = "<group>"; };
		885878E41F551A63007AF90D /* Logs.swift */ = {isa = PBXFileReference; lastKnownFileType = sourcecode.swift; path = Logs.swift; sourceTree = "<group>"; };
		885878E71F551CBA007AF90D /* User.swift */ = {isa = PBXFileReference; lastKnownFileType = sourcecode.swift; path = User.swift; sourceTree = "<group>"; };
/* End PBXFileReference section */

/* Begin PBXFrameworksBuildPhase section */
		885878CA1F5516E3007AF90D /* Frameworks */ = {
			isa = PBXFrameworksBuildPhase;
			buildActionMask = 2147483647;
			files = (
			);
			runOnlyForDeploymentPostprocessing = 0;
		};
/* End PBXFrameworksBuildPhase section */

/* Begin PBXGroup section */
		885878C41F5516E3007AF90D = {
			isa = PBXGroup;
			children = (
				885878CF1F5516E3007AF90D /* LoggingDemo */,
				885878CE1F5516E3007AF90D /* Products */,
			);
			sourceTree = "<group>";
		};
		885878CE1F5516E3007AF90D /* Products */ = {
			isa = PBXGroup;
			children = (
				885878CD1F5516E3007AF90D /* LoggingDemo.app */,
			);
			name = Products;
			sourceTree = "<group>";
		};
		885878CF1F5516E3007AF90D /* LoggingDemo */ = {
			isa = PBXGroup;
			children = (
				885878E61F551CAE007AF90D /* Models */,
				885878D01F5516E3007AF90D /* AppDelegate.swift */,
				885878D41F5516E3007AF90D /* Main.storyboard */,
				885878D71F5516E3007AF90D /* Assets.xcassets */,
				885878D91F5516E3007AF90D /* LaunchScreen.storyboard */,
				885878DC1F5516E3007AF90D /* Info.plist */,
				885878E21F5517B6007AF90D /* ButtonViewController.swift */,
				885878E41F551A63007AF90D /* Logs.swift */,
			);
			path = LoggingDemo;
			sourceTree = "<group>";
		};
		885878E61F551CAE007AF90D /* Models */ = {
			isa = PBXGroup;
			children = (
				885878E71F551CBA007AF90D /* User.swift */,
			);
			path = Models;
			sourceTree = "<group>";
		};
/* End PBXGroup section */

/* Begin PBXNativeTarget section */
		885878CC1F5516E3007AF90D /* LoggingDemo */ = {
			isa = PBXNativeTarget;
			buildConfigurationList = 885878DF1F5516E3007AF90D /* Build configuration list for PBXNativeTarget "LoggingDemo" */;
			buildPhases = (
				885878C91F5516E3007AF90D /* Sources */,
				885878CA1F5516E3007AF90D /* Frameworks */,
				885878CB1F5516E3007AF90D /* Resources */,
			);
			buildRules = (
			);
			dependencies = (
			);
			name = LoggingDemo;
			productName = LoggingDemo;
			productReference = 885878CD1F5516E3007AF90D /* LoggingDemo.app */;
			productType = "com.apple.product-type.application";
		};
/* End PBXNativeTarget section */

/* Begin PBXProject section */
		885878C51F5516E3007AF90D /* Project object */ = {
			isa = PBXProject;
			attributes = {
				LastSwiftUpdateCheck = 0900;
				LastUpgradeCheck = 0900;
				ORGANIZATIONNAME = "Al Wold";
				TargetAttributes = {
					885878CC1F5516E3007AF90D = {
						CreatedOnToolsVersion = 9.0;
						ProvisioningStyle = Automatic;
					};
				};
			};
			buildConfigurationList = 885878C81F5516E3007AF90D /* Build configuration list for PBXProject "LoggingDemo" */;
			compatibilityVersion = "Xcode 8.0";
			developmentRegion = en;
			hasScannedForEncodings = 0;
			knownRegions = (
				en,
				Base,
			);
			mainGroup = 885878C41F5516E3007AF90D;
			productRefGroup = 885878CE1F5516E3007AF90D /* Products */;
			projectDirPath = "";
			projectRoot = "";
			targets = (
				885878CC1F5516E3007AF90D /* LoggingDemo */,
			);
		};
/* End PBXProject section */

/* Begin PBXResourcesBuildPhase section */
		885878CB1F5516E3007AF90D /* Resources */ = {
			isa = PBXResourcesBuildPhase;
			buildActionMask = 2147483647;
			files = (
				885878DB1F5516E3007AF90D /* LaunchScreen.storyboard in Resources */,
				885878D81F5516E3007AF90D /* Assets.xcassets in Resources */,
				885878D61F5516E3007AF90D /* Main.storyboard in Resources */,
			);
			runOnlyForDeploymentPostprocessing = 0;
		};
/* End PBXResourcesBuildPhase section */

/* Begin PBXSourcesBuildPhase section */
		885878C91F5516E3007AF90D /* Sources */ = {
			isa = PBXSourcesBuildPhase;
			buildActionMask = 2147483647;
			files = (
				885878E81F551CBA007AF90D /* User.swift in Sources */,
				885878E31F5517B6007AF90D /* ButtonViewController.swift in Sources */,
				885878E51F551A63007AF90D /* Logs.swift in Sources */,
				885878D11F5516E3007AF90D /* AppDelegate.swift in Sources */,
			);
			runOnlyForDeploymentPostprocessing = 0;
		};
/* End PBXSourcesBuildPhase section */

/* Begin PBXVariantGroup section */
		885878D41F5516E3007AF90D /* Main.storyboard */ = {
			isa = PBXVariantGroup;
			children = (
				885878D51F5516E3007AF90D /* Base */,
			);
			name = Main.storyboard;
			sourceTree = "<group>";
		};
		885878D91F5516E3007AF90D /* LaunchScreen.storyboard */ = {
			isa = PBXVariantGroup;
			children = (
				885878DA1F5516E3007AF90D /* Base */,
			);
			name = LaunchScreen.storyboard;
			sourceTree = "<group>";
		};
/* End PBXVariantGroup section */

/* Begin XCBuildConfiguration section */
		885878DD1F5516E3007AF90D /* Debug */ = {
			isa = XCBuildConfiguration;
			buildSettings = {
				ALWAYS_SEARCH_USER_PATHS = NO;
				CLANG_ANALYZER_NONNULL = YES;
				CLANG_ANALYZER_NUMBER_OBJECT_CONVERSION = YES_AGGRESSIVE;
				CLANG_CXX_LANGUAGE_STANDARD = "gnu++14";
				CLANG_CXX_LIBRARY = "libc++";
				CLANG_ENABLE_MODULES = YES;
				CLANG_ENABLE_OBJC_ARC = YES;
				CLANG_WARN_BLOCK_CAPTURE_AUTORELEASING = YES;
				CLANG_WARN_BOOL_CONVERSION = YES;
				CLANG_WARN_COMMA = YES;
				CLANG_WARN_CONSTANT_CONVERSION = YES;
				CLANG_WARN_DIRECT_OBJC_ISA_USAGE = YES_ERROR;
				CLANG_WARN_DOCUMENTATION_COMMENTS = YES;
				CLANG_WARN_EMPTY_BODY = YES;
				CLANG_WARN_ENUM_CONVERSION = YES;
				CLANG_WARN_INFINITE_RECURSION = YES;
				CLANG_WARN_INT_CONVERSION = YES;
				CLANG_WARN_NON_LITERAL_NULL_CONVERSION = YES;
				CLANG_WARN_OBJC_LITERAL_CONVERSION = YES;
				CLANG_WARN_OBJC_ROOT_CLASS = YES_ERROR;
				CLANG_WARN_RANGE_LOOP_ANALYSIS = YES;
				CLANG_WARN_STRICT_PROTOTYPES = YES;
				CLANG_WARN_SUSPICIOUS_MOVE = YES;
				CLANG_WARN_UNGUARDED_AVAILABILITY = YES_AGGRESSIVE;
				CLANG_WARN_UNREACHABLE_CODE = YES;
				CLANG_WARN__DUPLICATE_METHOD_MATCH = YES;
				CODE_SIGN_IDENTITY = "iPhone Developer";
				COPY_PHASE_STRIP = NO;
				DEBUG_INFORMATION_FORMAT = dwarf;
				ENABLE_STRICT_OBJC_MSGSEND = YES;
				ENABLE_TESTABILITY = YES;
				GCC_C_LANGUAGE_STANDARD = gnu11;
				GCC_DYNAMIC_NO_PIC = NO;
				GCC_NO_COMMON_BLOCKS = YES;
				GCC_OPTIMIZATION_LEVEL = 0;
				GCC_PREPROCESSOR_DEFINITIONS = (
					"DEBUG=1",
					"$(inherited)",
				);
				GCC_WARN_64_TO_32_BIT_CONVERSION = YES;
				GCC_WARN_ABOUT_RETURN_TYPE = YES_ERROR;
				GCC_WARN_UNDECLARED_SELECTOR = YES;
				GCC_WARN_UNINITIALIZED_AUTOS = YES_AGGRESSIVE;
				GCC_WARN_UNUSED_FUNCTION = YES;
				GCC_WARN_UNUSED_VARIABLE = YES;
				IPHONEOS_DEPLOYMENT_TARGET = 10.0;
				MTL_ENABLE_DEBUG_INFO = YES;
				ONLY_ACTIVE_ARCH = YES;
				SDKROOT = iphoneos;
				SWIFT_ACTIVE_COMPILATION_CONDITIONS = DEBUG;
				SWIFT_OPTIMIZATION_LEVEL = "-Onone";
			};
			name = Debug;
		};
		885878DE1F5516E3007AF90D /* Release */ = {
			isa = XCBuildConfiguration;
			buildSettings = {
				ALWAYS_SEARCH_USER_PATHS = NO;
				CLANG_ANALYZER_NONNULL = YES;
				CLANG_ANALYZER_NUMBER_OBJECT_CONVERSION = YES_AGGRESSIVE;
				CLANG_CXX_LANGUAGE_STANDARD = "gnu++14";
				CLANG_CXX_LIBRARY = "libc++";
				CLANG_ENABLE_MODULES = YES;
				CLANG_ENABLE_OBJC_ARC = YES;
				CLANG_WARN_BLOCK_CAPTURE_AUTORELEASING = YES;
				CLANG_WARN_BOOL_CONVERSION = YES;
				CLANG_WARN_COMMA = YES;
				CLANG_WARN_CONSTANT_CONVERSION = YES;
				CLANG_WARN_DIRECT_OBJC_ISA_USAGE = YES_ERROR;
				CLANG_WARN_DOCUMENTATION_COMMENTS = YES;
				CLANG_WARN_EMPTY_BODY = YES;
				CLANG_WARN_ENUM_CONVERSION = YES;
				CLANG_WARN_INFINITE_RECURSION = YES;
				CLANG_WARN_INT_CONVERSION = YES;
				CLANG_WARN_NON_LITERAL_NULL_CONVERSION = YES;
				CLANG_WARN_OBJC_LITERAL_CONVERSION = YES;
				CLANG_WARN_OBJC_ROOT_CLASS = YES_ERROR;
				CLANG_WARN_RANGE_LOOP_ANALYSIS = YES;
				CLANG_WARN_STRICT_PROTOTYPES = YES;
				CLANG_WARN_SUSPICIOUS_MOVE = YES;
				CLANG_WARN_UNGUARDED_AVAILABILITY = YES_AGGRESSIVE;
				CLANG_WARN_UNREACHABLE_CODE = YES;
				CLANG_WARN__DUPLICATE_METHOD_MATCH = YES;
				CODE_SIGN_IDENTITY = "iPhone Developer";
				COPY_PHASE_STRIP = NO;
				DEBUG_INFORMATION_FORMAT = "dwarf-with-dsym";
				ENABLE_NS_ASSERTIONS = NO;
				ENABLE_STRICT_OBJC_MSGSEND = YES;
				GCC_C_LANGUAGE_STANDARD = gnu11;
				GCC_NO_COMMON_BLOCKS = YES;
				GCC_WARN_64_TO_32_BIT_CONVERSION = YES;
				GCC_WARN_ABOUT_RETURN_TYPE = YES_ERROR;
				GCC_WARN_UNDECLARED_SELECTOR = YES;
				GCC_WARN_UNINITIALIZED_AUTOS = YES_AGGRESSIVE;
				GCC_WARN_UNUSED_FUNCTION = YES;
				GCC_WARN_UNUSED_VARIABLE = YES;
				IPHONEOS_DEPLOYMENT_TARGET = 10.0;
				MTL_ENABLE_DEBUG_INFO = NO;
				SDKROOT = iphoneos;
				SWIFT_OPTIMIZATION_LEVEL = "-Owholemodule";
				VALIDATE_PRODUCT = YES;
			};
			name = Release;
		};
		885878E01F5516E3007AF90D /* Debug */ = {
			isa = XCBuildConfiguration;
			buildSettings = {
				ASSETCATALOG_COMPILER_APPICON_NAME = AppIcon;
				CODE_SIGN_STYLE = Automatic;
				DEVELOPMENT_TEAM = 24TZPXL52Z;
				INFOPLIST_FILE = LoggingDemo/Info.plist;
				LD_RUNPATH_SEARCH_PATHS = "$(inherited) @executable_path/Frameworks";
				PRODUCT_BUNDLE_IDENTIFIER = com.alwold.LoggingDemo;
				PRODUCT_NAME = "$(TARGET_NAME)";
				SWIFT_VERSION = 4.0;
				TARGETED_DEVICE_FAMILY = "1,2";
			};
			name = Debug;
		};
		885878E11F5516E3007AF90D /* Release */ = {
			isa = XCBuildConfiguration;
			buildSettings = {
				ASSETCATALOG_COMPILER_APPICON_NAME = AppIcon;
				CODE_SIGN_STYLE = Automatic;
				DEVELOPMENT_TEAM = 24TZPXL52Z;
				INFOPLIST_FILE = LoggingDemo/Info.plist;
				LD_RUNPATH_SEARCH_PATHS = "$(inherited) @executable_path/Frameworks";
				PRODUCT_BUNDLE_IDENTIFIER = com.alwold.LoggingDemo;
				PRODUCT_NAME = "$(TARGET_NAME)";
				SWIFT_VERSION = 4.0;
				TARGETED_DEVICE_FAMILY = "1,2";
			};
			name = Release;
		};
/* End XCBuildConfiguration section */

/* Begin XCConfigurationList section */
		885878C81F5516E3007AF90D /* Build configuration list for PBXProject "LoggingDemo" */ = {
			isa = XCConfigurationList;
			buildConfigurations = (
				885878DD1F5516E3007AF90D /* Debug */,
				885878DE1F5516E3007AF90D /* Release */,
			);
			defaultConfigurationIsVisible = 0;
			defaultConfigurationName = Release;
		};
		885878DF1F5516E3007AF90D /* Build configuration list for PBXNativeTarget "LoggingDemo" */ = {
			isa = XCConfigurationList;
			buildConfigurations = (
				885878E01F5516E3007AF90D /* Debug */,
				885878E11F5516E3007AF90D /* Release */,
			);
			defaultConfigurationIsVisible = 0;
			defaultConfigurationName = Release;
		};
/* End XCConfigurationList section */
	};
	rootObject = 885878C51F5516E3007AF90D /* Project object */;
}
